
Microsoft Visual Studio Solution File, Format Version 12.00
# Visual Studio Version 17
VisualStudioVersion = 17.6.33712.159
MinimumVisualStudioVersion = 10.0.40219.1
Project("{FAE04EC0-301F-11D3-BF4B-00C04F79EFBC}") = "API", "API.csproj", "{AB3FDC61-9D8B-45C4-B750-5F8DBBE94863}"
EndProject
Global
	GlobalSection(SolutionConfigurationPlatforms) = preSolution
		Debug|Any CPU = Debug|Any CPU
		Release|Any CPU = Release|Any CPU
	EndGlobalSection
	GlobalSection(ProjectConfigurationPlatforms) = postSolution
		{AB3FDC61-9D8B-45C4-B750-5F8DBBE94863}.Debug|Any CPU.ActiveCfg = Debug|Any CPU
		{AB3FDC61-9D8B-45C4-B750-5F8DBBE94863}.Debug|Any CPU.Build.0 = Debug|Any CPU
		{AB3FDC61-9D8B-45C4-B750-5F8DBBE94863}.Release|Any CPU.ActiveCfg = Release|Any CPU
		{AB3FDC61-9D8B-45C4-B750-5F8DBBE94863}.Release|Any CPU.Build.0 = Release|Any CPU
	EndGlobalSection
	GlobalSection(SolutionProperties) = preSolution
		HideSolutionNode = FALSE
	EndGlobalSection
	GlobalSection(ExtensibilityGlobals) = postSolution
		SolutionGuid = {FB02EEE2-CAE9-4D50-B824-DAB189514B0B}
	EndGlobalSection
EndGlobal
